
Microsoft Visual Studio Solution File, Format Version 12.00
# Visual Studio Version 16
VisualStudioVersion = 16.0.30523.141
MinimumVisualStudioVersion = 10.0.40219.1
Project("{FAE04EC0-301F-11D3-BF4B-00C04F79EFBC}") = "Neuron", "Neuron\Neuron.csproj", "{9353EC23-AE1C-4775-87A3-A531C3860428}"
EndProject
Global
	GlobalSection(SolutionConfigurationPlatforms) = preSolution
		Debug|Any CPU = Debug|Any CPU
		Release|Any CPU = Release|Any CPU
	EndGlobalSection
	GlobalSection(ProjectConfigurationPlatforms) = postSolution
		{9353EC23-AE1C-4775-87A3-A531C3860428}.Debug|Any CPU.ActiveCfg = Debug|Any CPU
		{9353EC23-AE1C-4775-87A3-A531C3860428}.Debug|Any CPU.Build.0 = Debug|Any CPU
		{9353EC23-AE1C-4775-87A3-A531C3860428}.Release|Any CPU.ActiveCfg = Release|Any CPU
		{9353EC23-AE1C-4775-87A3-A531C3860428}.Release|Any CPU.Build.0 = Release|Any CPU
	EndGlobalSection
	GlobalSection(SolutionProperties) = preSolution
		HideSolutionNode = FALSE
	EndGlobalSection
	GlobalSection(ExtensibilityGlobals) = postSolution
		SolutionGuid = {C8C83F30-DA29-4409-AF21-0FF31F512DCD}
	EndGlobalSection
EndGlobal
